
Microsoft Visual Studio Solution File, Format Version 12.00
# Visual Studio 15
VisualStudioVersion = 15.0.26124.0
MinimumVisualStudioVersion = 15.0.26124.0
Project("{F2A71F9B-5D33-465A-A702-920D77279786}") = "Tennis.Tests", "tests\Tennis.Tests.fsproj", "{F91B5AA5-45E8-418E-BA87-35D73CC5534A}"
EndProject
Project("{F2A71F9B-5D33-465A-A702-920D77279786}") = "Tennis", "src\Tennis.fsproj", "{85F4D67D-8ADE-42FF-95C2-7885656B44C6}"
EndProject
Global
	GlobalSection(SolutionConfigurationPlatforms) = preSolution
		Debug|Any CPU = Debug|Any CPU
		Debug|x64 = Debug|x64
		Debug|x86 = Debug|x86
		Release|Any CPU = Release|Any CPU
		Release|x64 = Release|x64
		Release|x86 = Release|x86
	EndGlobalSection
	GlobalSection(SolutionProperties) = preSolution
		HideSolutionNode = FALSE
	EndGlobalSection
	GlobalSection(ProjectConfigurationPlatforms) = postSolution
		{F91B5AA5-45E8-418E-BA87-35D73CC5534A}.Debug|Any CPU.ActiveCfg = Debug|Any CPU
		{F91B5AA5-45E8-418E-BA87-35D73CC5534A}.Debug|Any CPU.Build.0 = Debug|Any CPU
		{F91B5AA5-45E8-418E-BA87-35D73CC5534A}.Debug|x64.ActiveCfg = Debug|Any CPU
		{F91B5AA5-45E8-418E-BA87-35D73CC5534A}.Debug|x64.Build.0 = Debug|Any CPU
		{F91B5AA5-45E8-418E-BA87-35D73CC5534A}.Debug|x86.ActiveCfg = Debug|Any CPU
		{F91B5AA5-45E8-418E-BA87-35D73CC5534A}.Debug|x86.Build.0 = Debug|Any CPU
		{F91B5AA5-45E8-418E-BA87-35D73CC5534A}.Release|Any CPU.ActiveCfg = Release|Any CPU
		{F91B5AA5-45E8-418E-BA87-35D73CC5534A}.Release|Any CPU.Build.0 = Release|Any CPU
		{F91B5AA5-45E8-418E-BA87-35D73CC5534A}.Release|x64.ActiveCfg = Release|Any CPU
		{F91B5AA5-45E8-418E-BA87-35D73CC5534A}.Release|x64.Build.0 = Release|Any CPU
		{F91B5AA5-45E8-418E-BA87-35D73CC5534A}.Release|x86.ActiveCfg = Release|Any CPU
		{F91B5AA5-45E8-418E-BA87-35D73CC5534A}.Release|x86.Build.0 = Release|Any CPU
		{85F4D67D-8ADE-42FF-95C2-7885656B44C6}.Debug|Any CPU.ActiveCfg = Debug|Any CPU
		{85F4D67D-8ADE-42FF-95C2-7885656B44C6}.Debug|Any CPU.Build.0 = Debug|Any CPU
		{85F4D67D-8ADE-42FF-95C2-7885656B44C6}.Debug|x64.ActiveCfg = Debug|Any CPU
		{85F4D67D-8ADE-42FF-95C2-7885656B44C6}.Debug|x64.Build.0 = Debug|Any CPU
		{85F4D67D-8ADE-42FF-95C2-7885656B44C6}.Debug|x86.ActiveCfg = Debug|Any CPU
		{85F4D67D-8ADE-42FF-95C2-7885656B44C6}.Debug|x86.Build.0 = Debug|Any CPU
		{85F4D67D-8ADE-42FF-95C2-7885656B44C6}.Release|Any CPU.ActiveCfg = Release|Any CPU
		{85F4D67D-8ADE-42FF-95C2-7885656B44C6}.Release|Any CPU.Build.0 = Release|Any CPU
		{85F4D67D-8ADE-42FF-95C2-7885656B44C6}.Release|x64.ActiveCfg = Release|Any CPU
		{85F4D67D-8ADE-42FF-95C2-7885656B44C6}.Release|x64.Build.0 = Release|Any CPU
		{85F4D67D-8ADE-42FF-95C2-7885656B44C6}.Release|x86.ActiveCfg = Release|Any CPU
		{85F4D67D-8ADE-42FF-95C2-7885656B44C6}.Release|x86.Build.0 = Release|Any CPU
	EndGlobalSection
EndGlobal
